
Microsoft Visual Studio Solution File, Format Version 12.00
# Visual Studio 15
Project("{FAE04EC0-301F-11D3-BF4B-00C04F79EFBC}") = "Assembly-CSharp", "Assembly-CSharp.csproj", "{384E6D85-7587-D32E-E50F-A9884B2EFCDE}"
EndProject
Project("{FAE04EC0-301F-11D3-BF4B-00C04F79EFBC}") = "GoogleMobileAds", "GoogleMobileAds.csproj", "{13EE0ABD-FAF1-DD23-AC81-D818DFDEE938}"
EndProject
Project("{FAE04EC0-301F-11D3-BF4B-00C04F79EFBC}") = "GoogleMobileAds.Editor", "GoogleMobileAds.Editor.csproj", "{92DF2B4D-EA90-50C5-7F40-DBF260BBDF0A}"
EndProject
Global
	GlobalSection(SolutionConfigurationPlatforms) = preSolution
		Debug|Any CPU = Debug|Any CPU
		Release|Any CPU = Release|Any CPU
	EndGlobalSection
	GlobalSection(ProjectConfigurationPlatforms) = postSolution
		{384E6D85-7587-D32E-E50F-A9884B2EFCDE}.Debug|Any CPU.ActiveCfg = Debug|Any CPU
		{384E6D85-7587-D32E-E50F-A9884B2EFCDE}.Debug|Any CPU.Build.0 = Debug|Any CPU
		{384E6D85-7587-D32E-E50F-A9884B2EFCDE}.Release|Any CPU.ActiveCfg = Release|Any CPU
		{384E6D85-7587-D32E-E50F-A9884B2EFCDE}.Release|Any CPU.Build.0 = Release|Any CPU
		{13EE0ABD-FAF1-DD23-AC81-D818DFDEE938}.Debug|Any CPU.ActiveCfg = Debug|Any CPU
		{13EE0ABD-FAF1-DD23-AC81-D818DFDEE938}.Debug|Any CPU.Build.0 = Debug|Any CPU
		{13EE0ABD-FAF1-DD23-AC81-D818DFDEE938}.Release|Any CPU.ActiveCfg = Release|Any CPU
		{13EE0ABD-FAF1-DD23-AC81-D818DFDEE938}.Release|Any CPU.Build.0 = Release|Any CPU
		{92DF2B4D-EA90-50C5-7F40-DBF260BBDF0A}.Debug|Any CPU.ActiveCfg = Debug|Any CPU
		{92DF2B4D-EA90-50C5-7F40-DBF260BBDF0A}.Debug|Any CPU.Build.0 = Debug|Any CPU
		{92DF2B4D-EA90-50C5-7F40-DBF260BBDF0A}.Release|Any CPU.ActiveCfg = Release|Any CPU
		{92DF2B4D-EA90-50C5-7F40-DBF260BBDF0A}.Release|Any CPU.Build.0 = Release|Any CPU
	EndGlobalSection
	GlobalSection(SolutionProperties) = preSolution
		HideSolutionNode = FALSE
	EndGlobalSection
EndGlobal
